// !$*UTF8*$!
{
	archiveVersion = 1;
	classes = {
	};
	objectVersion = 46;
	objects = {

/* Begin PBXBuildFile section */
		AACDCCB31CFDFBBE001CB851 /* main.m in Sources */ = {isa = PBXBuildFile; fileRef = AACDCCB21CFDFBBE001CB851 /* main.m */; };
		AACDCCB61CFDFBBE001CB851 /* AppDelegate.m in Sources */ = {isa = PBXBuildFile; fileRef = AACDCCB51CFDFBBE001CB851 /* AppDelegate.m */; };
		AACDCCBC1CFDFBBE001CB851 /* Main.storyboard in Resources */ = {isa = PBXBuildFile; fileRef = AACDCCBA1CFDFBBE001CB851 /* Main.storyboard */; };
		AACDCCBF1CFDFBBE001CB851 /* iWish.xcdatamodeld in Sources */ = {isa = PBXBuildFile; fileRef = AACDCCBD1CFDFBBE001CB851 /* iWish.xcdatamodeld */; };
		AACDCCC11CFDFBBE001CB851 /* Assets.xcassets in Resources */ = {isa = PBXBuildFile; fileRef = AACDCCC01CFDFBBE001CB851 /* Assets.xcassets */; };
		AACDCCC41CFDFBBE001CB851 /* LaunchScreen.storyboard in Resources */ = {isa = PBXBuildFile; fileRef = AACDCCC21CFDFBBE001CB851 /* LaunchScreen.storyboard */; };
		AACDCCD31CFDFE11001CB851 /* List+CoreDataProperties.m in Sources */ = {isa = PBXBuildFile; fileRef = AACDCCCC1CFDFE11001CB851 /* List+CoreDataProperties.m */; };
		AACDCCD41CFDFE11001CB851 /* List.m in Sources */ = {isa = PBXBuildFile; fileRef = AACDCCCE1CFDFE11001CB851 /* List.m */; };
		AACDCCD51CFDFE11001CB851 /* Item+CoreDataProperties.m in Sources */ = {isa = PBXBuildFile; fileRef = AACDCCD01CFDFE11001CB851 /* Item+CoreDataProperties.m */; };
		AACDCCD61CFDFE11001CB851 /* Item.m in Sources */ = {isa = PBXBuildFile; fileRef = AACDCCD21CFDFE11001CB851 /* Item.m */; };
		AAE763951CFE01D200051FC2 /* ListTableViewController.m in Sources */ = {isa = PBXBuildFile; fileRef = AAE763941CFE01D200051FC2 /* ListTableViewController.m */; };
		AAE763A41CFE282000051FC2 /* AddListViewController.m in Sources */ = {isa = PBXBuildFile; fileRef = AAE763A31CFE282000051FC2 /* AddListViewController.m */; };
		AAE763C31CFEDB3700051FC2 /* ListCell.m in Sources */ = {isa = PBXBuildFile; fileRef = AAE763C21CFEDB3700051FC2 /* ListCell.m */; };
		AAE763CC1CFF498A00051FC2 /* AddItemViewController.m in Sources */ = {isa = PBXBuildFile; fileRef = AAE763CB1CFF498A00051FC2 /* AddItemViewController.m */; };
		AAE763CF1CFF49A800051FC2 /* ItemTableViewController.m in Sources */ = {isa = PBXBuildFile; fileRef = AAE763CE1CFF49A800051FC2 /* ItemTableViewController.m */; };
		AAE763D51D0063A100051FC2 /* ItemCell.m in Sources */ = {isa = PBXBuildFile; fileRef = AAE763D41D0063A100051FC2 /* ItemCell.m */; };
/* End PBXBuildFile section */

/* Begin PBXFileReference section */
		AACDCCAE1CFDFBBE001CB851 /* iWish.app */ = {isa = PBXFileReference; explicitFileType = wrapper.application; includeInIndex = 0; path = iWish.app; sourceTree = BUILT_PRODUCTS_DIR; };
		AACDCCB21CFDFBBE001CB851 /* main.m */ = {isa = PBXFileReference; lastKnownFileType = sourcecode.c.objc; path = main.m; sourceTree = "<group>"; };
		AACDCCB41CFDFBBE001CB851 /* AppDelegate.h */ = {isa = PBXFileReference; lastKnownFileType = sourcecode.c.h; path = AppDelegate.h; sourceTree = "<group>"; };
		AACDCCB51CFDFBBE001CB851 /* AppDelegate.m */ = {isa = PBXFileReference; lastKnownFileType = sourcecode.c.objc; path = AppDelegate.m; sourceTree = "<group>"; };
		AACDCCBB1CFDFBBE001CB851 /* Base */ = {isa = PBXFileReference; lastKnownFileType = file.storyboard; name = Base; path = Base.lproj/Main.storyboard; sourceTree = "<group>"; };
		AACDCCBE1CFDFBBE001CB851 /* iWish.xcdatamodel */ = {isa = PBXFileReference; lastKnownFileType = wrapper.xcdatamodel; path = iWish.xcdatamodel; sourceTree = "<group>"; };
		AACDCCC01CFDFBBE001CB851 /* Assets.xcassets */ = {isa = PBXFileReference; lastKnownFileType = folder.assetcatalog; path = Assets.xcassets; sourceTree = "<group>"; };
		AACDCCC31CFDFBBE001CB851 /* Base */ = {isa = PBXFileReference; lastKnownFileType = file.storyboard; name = Base; path = Base.lproj/LaunchScreen.storyboard; sourceTree = "<group>"; };
		AACDCCC51CFDFBBE001CB851 /* Info.plist */ = {isa = PBXFileReference; lastKnownFileType = text.plist.xml; path = Info.plist; sourceTree = "<group>"; };
		AACDCCCB1CFDFE11001CB851 /* List+CoreDataProperties.h */ = {isa = PBXFileReference; fileEncoding = 4; lastKnownFileType = sourcecode.c.h; path = "List+CoreDataProperties.h"; sourceTree = "<group>"; };
		AACDCCCC1CFDFE11001CB851 /* List+CoreDataProperties.m */ = {isa = PBXFileReference; fileEncoding = 4; lastKnownFileType = sourcecode.c.objc; path = "List+CoreDataProperties.m"; sourceTree = "<group>"; };
		AACDCCCD1CFDFE11001CB851 /* List.h */ = {isa = PBXFileReference; fileEncoding = 4; lastKnownFileType = sourcecode.c.h; path = List.h; sourceTree = "<group>"; };
		AACDCCCE1CFDFE11001CB851 /* List.m */ = {isa = PBXFileReference; fileEncoding = 4; lastKnownFileType = sourcecode.c.objc; path = List.m; sourceTree = "<group>"; };
		AACDCCCF1CFDFE11001CB851 /* Item+CoreDataProperties.h */ = {isa = PBXFileReference; fileEncoding = 4; lastKnownFileType = sourcecode.c.h; path = "Item+CoreDataProperties.h"; sourceTree = "<group>"; };
		AACDCCD01CFDFE11001CB851 /* Item+CoreDataProperties.m */ = {isa = PBXFileReference; fileEncoding = 4; lastKnownFileType = sourcecode.c.objc; path = "Item+CoreDataProperties.m"; sourceTree = "<group>"; };
		AACDCCD11CFDFE11001CB851 /* Item.h */ = {isa = PBXFileReference; fileEncoding = 4; lastKnownFileType = sourcecode.c.h; path = Item.h; sourceTree = "<group>"; };
		AACDCCD21CFDFE11001CB851 /* Item.m */ = {isa = PBXFileReference; fileEncoding = 4; lastKnownFileType = sourcecode.c.objc; path = Item.m; sourceTree = "<group>"; };
		AAE763931CFE01D200051FC2 /* ListTableViewController.h */ = {isa = PBXFileReference; fileEncoding = 4; lastKnownFileType = sourcecode.c.h; path = ListTableViewController.h; sourceTree = "<group>"; };
		AAE763941CFE01D200051FC2 /* ListTableViewController.m */ = {isa = PBXFileReference; fileEncoding = 4; lastKnownFileType = sourcecode.c.objc; path = ListTableViewController.m; sourceTree = "<group>"; };
		AAE763A21CFE282000051FC2 /* AddListViewController.h */ = {isa = PBXFileReference; fileEncoding = 4; lastKnownFileType = sourcecode.c.h; path = AddListViewController.h; sourceTree = "<group>"; };
		AAE763A31CFE282000051FC2 /* AddListViewController.m */ = {isa = PBXFileReference; fileEncoding = 4; lastKnownFileType = sourcecode.c.objc; path = AddListViewController.m; sourceTree = "<group>"; };
		AAE763C11CFEDB3700051FC2 /* ListCell.h */ = {isa = PBXFileReference; fileEncoding = 4; lastKnownFileType = sourcecode.c.h; path = ListCell.h; sourceTree = "<group>"; };
		AAE763C21CFEDB3700051FC2 /* ListCell.m */ = {isa = PBXFileReference; fileEncoding = 4; lastKnownFileType = sourcecode.c.objc; path = ListCell.m; sourceTree = "<group>"; };
		AAE763CA1CFF498A00051FC2 /* AddItemViewController.h */ = {isa = PBXFileReference; fileEncoding = 4; lastKnownFileType = sourcecode.c.h; path = AddItemViewController.h; sourceTree = "<group>"; };
		AAE763CB1CFF498A00051FC2 /* AddItemViewController.m */ = {isa = PBXFileReference; fileEncoding = 4; lastKnownFileType = sourcecode.c.objc; path = AddItemViewController.m; sourceTree = "<group>"; };
		AAE763CD1CFF49A800051FC2 /* ItemTableViewController.h */ = {isa = PBXFileReference; fileEncoding = 4; lastKnownFileType = sourcecode.c.h; path = ItemTableViewController.h; sourceTree = "<group>"; };
		AAE763CE1CFF49A800051FC2 /* ItemTableViewController.m */ = {isa = PBXFileReference; fileEncoding = 4; lastKnownFileType = sourcecode.c.objc; path = ItemTableViewController.m; sourceTree = "<group>"; };
		AAE763D31D0063A100051FC2 /* ItemCell.h */ = {isa = PBXFileReference; fileEncoding = 4; lastKnownFileType = sourcecode.c.h; path = ItemCell.h; sourceTree = "<group>"; };
		AAE763D41D0063A100051FC2 /* ItemCell.m */ = {isa = PBXFileReference; fileEncoding = 4; lastKnownFileType = sourcecode.c.objc; path = ItemCell.m; sourceTree = "<group>"; };
/* End PBXFileReference section */

/* Begin PBXFrameworksBuildPhase section */
		AACDCCAB1CFDFBBE001CB851 /* Frameworks */ = {
			isa = PBXFrameworksBuildPhase;
			buildActionMask = 2147483647;
			files = (
			);
			runOnlyForDeploymentPostprocessing = 0;
		};
/* End PBXFrameworksBuildPhase section */

/* Begin PBXGroup section */
		AACDCCA51CFDFBBE001CB851 = {
			isa = PBXGroup;
			children = (
				AACDCCB01CFDFBBE001CB851 /* iWish */,
				AACDCCAF1CFDFBBE001CB851 /* Products */,
			);
			sourceTree = "<group>";
		};
		AACDCCAF1CFDFBBE001CB851 /* Products */ = {
			isa = PBXGroup;
			children = (
				AACDCCAE1CFDFBBE001CB851 /* iWish.app */,
			);
			name = Products;
			sourceTree = "<group>";
		};
		AACDCCB01CFDFBBE001CB851 /* iWish */ = {
			isa = PBXGroup;
			children = (
				AACDCCD71CFDFE2B001CB851 /* CoreData Models */,
				AAE763C01CFEDB0900051FC2 /* Custom Cells */,
				AAE763921CFE01A100051FC2 /* View Controllers */,
				AACDCCB41CFDFBBE001CB851 /* AppDelegate.h */,
				AACDCCB51CFDFBBE001CB851 /* AppDelegate.m */,
				AACDCCBA1CFDFBBE001CB851 /* Main.storyboard */,
				AACDCCC01CFDFBBE001CB851 /* Assets.xcassets */,
				AACDCCC21CFDFBBE001CB851 /* LaunchScreen.storyboard */,
				AACDCCC51CFDFBBE001CB851 /* Info.plist */,
				AACDCCB11CFDFBBE001CB851 /* Supporting Files */,
			);
			path = iWish;
			sourceTree = "<group>";
		};
		AACDCCB11CFDFBBE001CB851 /* Supporting Files */ = {
			isa = PBXGroup;
			children = (
				AACDCCB21CFDFBBE001CB851 /* main.m */,
			);
			name = "Supporting Files";
			sourceTree = "<group>";
		};
		AACDCCD71CFDFE2B001CB851 /* CoreData Models */ = {
			isa = PBXGroup;
			children = (
				AACDCCBD1CFDFBBE001CB851 /* iWish.xcdatamodeld */,
				AACDCCD81CFDFE55001CB851 /* XCODE GENERATED - DO NOT EDIT */,
				AACDCCCD1CFDFE11001CB851 /* List.h */,
				AACDCCCE1CFDFE11001CB851 /* List.m */,
				AACDCCD11CFDFE11001CB851 /* Item.h */,
				AACDCCD21CFDFE11001CB851 /* Item.m */,
			);
			name = "CoreData Models";
			path = ..;
			sourceTree = "<group>";
		};
		AACDCCD81CFDFE55001CB851 /* XCODE GENERATED - DO NOT EDIT */ = {
			isa = PBXGroup;
			children = (
				AACDCCCB1CFDFE11001CB851 /* List+CoreDataProperties.h */,
				AACDCCCC1CFDFE11001CB851 /* List+CoreDataProperties.m */,
				AACDCCCF1CFDFE11001CB851 /* Item+CoreDataProperties.h */,
				AACDCCD01CFDFE11001CB851 /* Item+CoreDataProperties.m */,
			);
			name = "XCODE GENERATED - DO NOT EDIT";
			sourceTree = "<group>";
		};
		AAE763921CFE01A100051FC2 /* View Controllers */ = {
			isa = PBXGroup;
			children = (
				AAE763C41CFF492D00051FC2 /* List */,
				AAE763C51CFF493D00051FC2 /* Item */,
			);
			name = "View Controllers";
			sourceTree = "<group>";
		};
		AAE763C01CFEDB0900051FC2 /* Custom Cells */ = {
			isa = PBXGroup;
			children = (
				AAE763C11CFEDB3700051FC2 /* ListCell.h */,
				AAE763C21CFEDB3700051FC2 /* ListCell.m */,
				AAE763D31D0063A100051FC2 /* ItemCell.h */,
				AAE763D41D0063A100051FC2 /* ItemCell.m */,
			);
			name = "Custom Cells";
			sourceTree = "<group>";
		};
		AAE763C41CFF492D00051FC2 /* List */ = {
			isa = PBXGroup;
			children = (
				AAE763931CFE01D200051FC2 /* ListTableViewController.h */,
				AAE763941CFE01D200051FC2 /* ListTableViewController.m */,
				AAE763A21CFE282000051FC2 /* AddListViewController.h */,
				AAE763A31CFE282000051FC2 /* AddListViewController.m */,
			);
			name = List;
			sourceTree = "<group>";
		};
		AAE763C51CFF493D00051FC2 /* Item */ = {
			isa = PBXGroup;
			children = (
				AAE763CD1CFF49A800051FC2 /* ItemTableViewController.h */,
				AAE763CE1CFF49A800051FC2 /* ItemTableViewController.m */,
				AAE763CA1CFF498A00051FC2 /* AddItemViewController.h */,
				AAE763CB1CFF498A00051FC2 /* AddItemViewController.m */,
			);
			name = Item;
			sourceTree = "<group>";
		};
/* End PBXGroup section */

/* Begin PBXNativeTarget section */
		AACDCCAD1CFDFBBE001CB851 /* iWish */ = {
			isa = PBXNativeTarget;
			buildConfigurationList = AACDCCC81CFDFBBE001CB851 /* Build configuration list for PBXNativeTarget "iWish" */;
			buildPhases = (
				AACDCCAA1CFDFBBE001CB851 /* Sources */,
				AACDCCAB1CFDFBBE001CB851 /* Frameworks */,
				AACDCCAC1CFDFBBE001CB851 /* Resources */,
			);
			buildRules = (
			);
			dependencies = (
			);
			name = iWish;
			productName = iWish;
			productReference = AACDCCAE1CFDFBBE001CB851 /* iWish.app */;
			productType = "com.apple.product-type.application";
		};
/* End PBXNativeTarget section */

/* Begin PBXProject section */
		AACDCCA61CFDFBBE001CB851 /* Project object */ = {
			isa = PBXProject;
			attributes = {
				LastUpgradeCheck = 0730;
				ORGANIZATIONNAME = Elena;
				TargetAttributes = {
					AACDCCAD1CFDFBBE001CB851 = {
						CreatedOnToolsVersion = 7.3.1;
						DevelopmentTeam = D6JSDY96LP;
					};
				};
			};
			buildConfigurationList = AACDCCA91CFDFBBE001CB851 /* Build configuration list for PBXProject "iWish" */;
			compatibilityVersion = "Xcode 3.2";
			developmentRegion = English;
			hasScannedForEncodings = 0;
			knownRegions = (
				en,
				Base,
			);
			mainGroup = AACDCCA51CFDFBBE001CB851;
			productRefGroup = AACDCCAF1CFDFBBE001CB851 /* Products */;
			projectDirPath = "";
			projectRoot = "";
			targets = (
				AACDCCAD1CFDFBBE001CB851 /* iWish */,
			);
		};
/* End PBXProject section */

/* Begin PBXResourcesBuildPhase section */
		AACDCCAC1CFDFBBE001CB851 /* Resources */ = {
			isa = PBXResourcesBuildPhase;
			buildActionMask = 2147483647;
			files = (
				AACDCCC41CFDFBBE001CB851 /* LaunchScreen.storyboard in Resources */,
				AACDCCC11CFDFBBE001CB851 /* Assets.xcassets in Resources */,
				AACDCCBC1CFDFBBE001CB851 /* Main.storyboard in Resources */,
			);
			runOnlyForDeploymentPostprocessing = 0;
		};
/* End PBXResourcesBuildPhase section */

/* Begin PBXSourcesBuildPhase section */
		AACDCCAA1CFDFBBE001CB851 /* Sources */ = {
			isa = PBXSourcesBuildPhase;
			buildActionMask = 2147483647;
			files = (
				AACDCCD61CFDFE11001CB851 /* Item.m in Sources */,
				AAE763CC1CFF498A00051FC2 /* AddItemViewController.m in Sources */,
				AACDCCD51CFDFE11001CB851 /* Item+CoreDataProperties.m in Sources */,
				AAE763A41CFE282000051FC2 /* AddListViewController.m in Sources */,
				AAE763C31CFEDB3700051FC2 /* ListCell.m in Sources */,
				AACDCCB61CFDFBBE001CB851 /* AppDelegate.m in Sources */,
				AAE763D51D0063A100051FC2 /* ItemCell.m in Sources */,
				AACDCCBF1CFDFBBE001CB851 /* iWish.xcdatamodeld in Sources */,
				AACDCCD41CFDFE11001CB851 /* List.m in Sources */,
				AACDCCD31CFDFE11001CB851 /* List+CoreDataProperties.m in Sources */,
				AACDCCB31CFDFBBE001CB851 /* main.m in Sources */,
				AAE763CF1CFF49A800051FC2 /* ItemTableViewController.m in Sources */,
				AAE763951CFE01D200051FC2 /* ListTableViewController.m in Sources */,
			);
			runOnlyForDeploymentPostprocessing = 0;
		};
/* End PBXSourcesBuildPhase section */

/* Begin PBXVariantGroup section */
		AACDCCBA1CFDFBBE001CB851 /* Main.storyboard */ = {
			isa = PBXVariantGroup;
			children = (
				AACDCCBB1CFDFBBE001CB851 /* Base */,
			);
			name = Main.storyboard;
			sourceTree = "<group>";
		};
		AACDCCC21CFDFBBE001CB851 /* LaunchScreen.storyboard */ = {
			isa = PBXVariantGroup;
			children = (
				AACDCCC31CFDFBBE001CB851 /* Base */,
			);
			name = LaunchScreen.storyboard;
			sourceTree = "<group>";
		};
/* End PBXVariantGroup section */

/* Begin XCBuildConfiguration section */
		AACDCCC61CFDFBBE001CB851 /* Debug */ = {
			isa = XCBuildConfiguration;
			buildSettings = {
				ALWAYS_SEARCH_USER_PATHS = NO;
				CLANG_ANALYZER_NONNULL = YES;
				CLANG_CXX_LANGUAGE_STANDARD = "gnu++0x";
				CLANG_CXX_LIBRARY = "libc++";
				CLANG_ENABLE_MODULES = YES;
				CLANG_ENABLE_OBJC_ARC = YES;
				CLANG_WARN_BOOL_CONVERSION = YES;
				CLANG_WARN_CONSTANT_CONVERSION = YES;
				CLANG_WARN_DIRECT_OBJC_ISA_USAGE = YES_ERROR;
				CLANG_WARN_EMPTY_BODY = YES;
				CLANG_WARN_ENUM_CONVERSION = YES;
				CLANG_WARN_INT_CONVERSION = YES;
				CLANG_WARN_OBJC_ROOT_CLASS = YES_ERROR;
				CLANG_WARN_UNREACHABLE_CODE = YES;
				CLANG_WARN__DUPLICATE_METHOD_MATCH = YES;
				"CODE_SIGN_IDENTITY[sdk=iphoneos*]" = "iPhone Developer";
				COPY_PHASE_STRIP = NO;
				DEBUG_INFORMATION_FORMAT = dwarf;
				ENABLE_STRICT_OBJC_MSGSEND = YES;
				ENABLE_TESTABILITY = YES;
				GCC_C_LANGUAGE_STANDARD = gnu99;
				GCC_DYNAMIC_NO_PIC = NO;
				GCC_NO_COMMON_BLOCKS = YES;
				GCC_OPTIMIZATION_LEVEL = 0;
				GCC_PREPROCESSOR_DEFINITIONS = (
					"DEBUG=1",
					"$(inherited)",
				);
				GCC_WARN_64_TO_32_BIT_CONVERSION = YES;
				GCC_WARN_ABOUT_RETURN_TYPE = YES_ERROR;
				GCC_WARN_UNDECLARED_SELECTOR = YES;
				GCC_WARN_UNINITIALIZED_AUTOS = YES_AGGRESSIVE;
				GCC_WARN_UNUSED_FUNCTION = YES;
				GCC_WARN_UNUSED_VARIABLE = YES;
				IPHONEOS_DEPLOYMENT_TARGET = 9.3;
				MTL_ENABLE_DEBUG_INFO = YES;
				ONLY_ACTIVE_ARCH = YES;
				SDKROOT = iphoneos;
				TARGETED_DEVICE_FAMILY = "1,2";
			};
			name = Debug;
		};
		AACDCCC71CFDFBBE001CB851 /* Release */ = {
			isa = XCBuildConfiguration;
			buildSettings = {
				ALWAYS_SEARCH_USER_PATHS = NO;
				CLANG_ANALYZER_NONNULL = YES;
				CLANG_CXX_LANGUAGE_STANDARD = "gnu++0x";
				CLANG_CXX_LIBRARY = "libc++";
				CLANG_ENABLE_MODULES = YES;
				CLANG_ENABLE_OBJC_ARC = YES;
				CLANG_WARN_BOOL_CONVERSION = YES;
				CLANG_WARN_CONSTANT_CONVERSION = YES;
				CLANG_WARN_DIRECT_OBJC_ISA_USAGE = YES_ERROR;
				CLANG_WARN_EMPTY_BODY = YES;
				CLANG_WARN_ENUM_CONVERSION = YES;
				CLANG_WARN_INT_CONVERSION = YES;
				CLANG_WARN_OBJC_ROOT_CLASS = YES_ERROR;
				CLANG_WARN_UNREACHABLE_CODE = YES;
				CLANG_WARN__DUPLICATE_METHOD_MATCH = YES;
				"CODE_SIGN_IDENTITY[sdk=iphoneos*]" = "iPhone Developer";
				COPY_PHASE_STRIP = NO;
				DEBUG_INFORMATION_FORMAT = "dwarf-with-dsym";
				ENABLE_NS_ASSERTIONS = NO;
				ENABLE_STRICT_OBJC_MSGSEND = YES;
				GCC_C_LANGUAGE_STANDARD = gnu99;
				GCC_NO_COMMON_BLOCKS = YES;
				GCC_WARN_64_TO_32_BIT_CONVERSION = YES;
				GCC_WARN_ABOUT_RETURN_TYPE = YES_ERROR;
				GCC_WARN_UNDECLARED_SELECTOR = YES;
				GCC_WARN_UNINITIALIZED_AUTOS = YES_AGGRESSIVE;
				GCC_WARN_UNUSED_FUNCTION = YES;
				GCC_WARN_UNUSED_VARIABLE = YES;
				IPHONEOS_DEPLOYMENT_TARGET = 9.3;
				MTL_ENABLE_DEBUG_INFO = NO;
				SDKROOT = iphoneos;
				TARGETED_DEVICE_FAMILY = "1,2";
				VALIDATE_PRODUCT = YES;
			};
			name = Release;
		};
		AACDCCC91CFDFBBE001CB851 /* Debug */ = {
			isa = XCBuildConfiguration;
			buildSettings = {
				ASSETCATALOG_COMPILER_APPICON_NAME = AppIcon;
				CODE_SIGN_IDENTITY = "iPhone Developer";
				"CODE_SIGN_IDENTITY[sdk=iphoneos*]" = "iPhone Developer";
				INFOPLIST_FILE = iWish/Info.plist;
				LD_RUNPATH_SEARCH_PATHS = "$(inherited) @executable_path/Frameworks";
				PRODUCT_BUNDLE_IDENTIFIER = com.Elena.iWish;
				PRODUCT_NAME = "$(TARGET_NAME)";
				PROVISIONING_PROFILE = "";
			};
			name = Debug;
		};
		AACDCCCA1CFDFBBE001CB851 /* Release */ = {
			isa = XCBuildConfiguration;
			buildSettings = {
				ASSETCATALOG_COMPILER_APPICON_NAME = AppIcon;
				CODE_SIGN_IDENTITY = "iPhone Developer";
				"CODE_SIGN_IDENTITY[sdk=iphoneos*]" = "iPhone Developer";
				INFOPLIST_FILE = iWish/Info.plist;
				LD_RUNPATH_SEARCH_PATHS = "$(inherited) @executable_path/Frameworks";
				PRODUCT_BUNDLE_IDENTIFIER = com.Elena.iWish;
				PRODUCT_NAME = "$(TARGET_NAME)";
				PROVISIONING_PROFILE = "";
			};
			name = Release;
		};
/* End XCBuildConfiguration section */

/* Begin XCConfigurationList section */
		AACDCCA91CFDFBBE001CB851 /* Build configuration list for PBXProject "iWish" */ = {
			isa = XCConfigurationList;
			buildConfigurations = (
				AACDCCC61CFDFBBE001CB851 /* Debug */,
				AACDCCC71CFDFBBE001CB851 /* Release */,
			);
			defaultConfigurationIsVisible = 0;
			defaultConfigurationName = Release;
		};
		AACDCCC81CFDFBBE001CB851 /* Build configuration list for PBXNativeTarget "iWish" */ = {
			isa = XCConfigurationList;
			buildConfigurations = (
				AACDCCC91CFDFBBE001CB851 /* Debug */,
				AACDCCCA1CFDFBBE001CB851 /* Release */,
			);
			defaultConfigurationIsVisible = 0;
			defaultConfigurationName = Release;
		};
/* End XCConfigurationList section */

/* Begin XCVersionGroup section */
		AACDCCBD1CFDFBBE001CB851 /* iWish.xcdatamodeld */ = {
			isa = XCVersionGroup;
			children = (
				AACDCCBE1CFDFBBE001CB851 /* iWish.xcdatamodel */,
			);
			currentVersion = AACDCCBE1CFDFBBE001CB851 /* iWish.xcdatamodel */;
			name = iWish.xcdatamodeld;
			path = iWish/iWish.xcdatamodeld;
			sourceTree = "<group>";
			versionGroupType = wrapper.xcdatamodel;
		};
/* End XCVersionGroup section */
	};
	rootObject = AACDCCA61CFDFBBE001CB851 /* Project object */;
}
